
Microsoft Visual Studio Solution File, Format Version 12.00
# Visual Studio Version 17
VisualStudioVersion = 17.7.34202.233
MinimumVisualStudioVersion = 10.0.40219.1
Project("{FAE04EC0-301F-11D3-BF4B-00C04F79EFBC}") = "CoRE2_AutoRefereeSystem_Host", "CoRE2_AutoRefereeSystem_Host\CoRE2_AutoRefereeSystem_Host.csproj", "{B497998E-EB85-4998-AE1F-529B297B5EAD}"
EndProject
Global
	GlobalSection(SolutionConfigurationPlatforms) = preSolution
		Debug|Any CPU = Debug|Any CPU
		Release|Any CPU = Release|Any CPU
	EndGlobalSection
	GlobalSection(ProjectConfigurationPlatforms) = postSolution
		{B497998E-EB85-4998-AE1F-529B297B5EAD}.Debug|Any CPU.ActiveCfg = Debug|Any CPU
		{B497998E-EB85-4998-AE1F-529B297B5EAD}.Debug|Any CPU.Build.0 = Debug|Any CPU
		{B497998E-EB85-4998-AE1F-529B297B5EAD}.Release|Any CPU.ActiveCfg = Release|Any CPU
		{B497998E-EB85-4998-AE1F-529B297B5EAD}.Release|Any CPU.Build.0 = Release|Any CPU
	EndGlobalSection
	GlobalSection(SolutionProperties) = preSolution
		HideSolutionNode = FALSE
	EndGlobalSection
	GlobalSection(ExtensibilityGlobals) = postSolution
		SolutionGuid = {F2A9BDC3-BE63-4CE9-A745-F86D3598DBDD}
	EndGlobalSection
EndGlobal
