
Microsoft Visual Studio Solution File, Format Version 12.00
# Visual Studio Version 17
VisualStudioVersion = 17.7.34202.233
MinimumVisualStudioVersion = 10.0.40219.1
Project("{9A19103F-16F7-4668-BE54-9A1E7A4F7556}") = "CoRE2_AutoRefereeSystem_Host", "CoRE-2_2024\CoRE2_AutoRefereeSystem_Host.csproj", "{A39A291E-878F-4C63-87E8-A489BAB73DDC}"
EndProject
Project("{2150E333-8FDC-42A3-9474-1A3956D46DE8}") = "ソリューション項目", "ソリューション項目", "{4B02024D-2B80-486E-B683-6CAFAE4C2100}"
EndProject
Global
	GlobalSection(SolutionConfigurationPlatforms) = preSolution
		Debug|Any CPU = Debug|Any CPU
		Release|Any CPU = Release|Any CPU
	EndGlobalSection
	GlobalSection(ProjectConfigurationPlatforms) = postSolution
		{A39A291E-878F-4C63-87E8-A489BAB73DDC}.Debug|Any CPU.ActiveCfg = Debug|Any CPU
		{A39A291E-878F-4C63-87E8-A489BAB73DDC}.Debug|Any CPU.Build.0 = Debug|Any CPU
		{A39A291E-878F-4C63-87E8-A489BAB73DDC}.Release|Any CPU.ActiveCfg = Release|Any CPU
		{A39A291E-878F-4C63-87E8-A489BAB73DDC}.Release|Any CPU.Build.0 = Release|Any CPU
	EndGlobalSection
	GlobalSection(SolutionProperties) = preSolution
		HideSolutionNode = FALSE
	EndGlobalSection
	GlobalSection(ExtensibilityGlobals) = postSolution
		SolutionGuid = {DF7DAED1-5A00-4733-BEFD-BE794EF7EFBB}
	EndGlobalSection
EndGlobal
